
Microsoft Visual Studio Solution File, Format Version 12.00
# Visual Studio 15
VisualStudioVersion = 15.0.27703.2018
MinimumVisualStudioVersion = 10.0.40219.1
Project("{9A19103F-16F7-4668-BE54-9A1E7A4F7556}") = "Salazar.CSharp.String", "Salazar.CSharp.String.Mask\Salazar.CSharp.String.csproj", "{5CBDB48D-B3E6-4E19-BDB3-694B66D96758}"
EndProject
Project("{9A19103F-16F7-4668-BE54-9A1E7A4F7556}") = "Tests", "tests\Tests.csproj", "{9EC5AFFD-B42B-462F-A4E4-1BE60FCA8646}"
EndProject
Global
	GlobalSection(SolutionConfigurationPlatforms) = preSolution
		Debug|Any CPU = Debug|Any CPU
		Release|Any CPU = Release|Any CPU
	EndGlobalSection
	GlobalSection(ProjectConfigurationPlatforms) = postSolution
		{5CBDB48D-B3E6-4E19-BDB3-694B66D96758}.Debug|Any CPU.ActiveCfg = Debug|Any CPU
		{5CBDB48D-B3E6-4E19-BDB3-694B66D96758}.Debug|Any CPU.Build.0 = Debug|Any CPU
		{5CBDB48D-B3E6-4E19-BDB3-694B66D96758}.Release|Any CPU.ActiveCfg = Release|Any CPU
		{5CBDB48D-B3E6-4E19-BDB3-694B66D96758}.Release|Any CPU.Build.0 = Release|Any CPU
		{9EC5AFFD-B42B-462F-A4E4-1BE60FCA8646}.Debug|Any CPU.ActiveCfg = Debug|Any CPU
		{9EC5AFFD-B42B-462F-A4E4-1BE60FCA8646}.Debug|Any CPU.Build.0 = Debug|Any CPU
		{9EC5AFFD-B42B-462F-A4E4-1BE60FCA8646}.Release|Any CPU.ActiveCfg = Release|Any CPU
		{9EC5AFFD-B42B-462F-A4E4-1BE60FCA8646}.Release|Any CPU.Build.0 = Release|Any CPU
	EndGlobalSection
	GlobalSection(SolutionProperties) = preSolution
		HideSolutionNode = FALSE
	EndGlobalSection
	GlobalSection(ExtensibilityGlobals) = postSolution
		SolutionGuid = {D7280DED-3609-490E-90C5-D9AB0FB77F90}
	EndGlobalSection
EndGlobal
